
Microsoft Visual Studio Solution File, Format Version 12.00
# Visual Studio 15
VisualStudioVersion = 15.0.27130.2036
MinimumVisualStudioVersion = 10.0.40219.1
Project("{FAE04EC0-301F-11D3-BF4B-00C04F79EFBC}") = "Knowte", "Knowte\Knowte.csproj", "{6543FF51-3132-4C67-81F5-991460589B0B}"
EndProject
Project("{FAE04EC0-301F-11D3-BF4B-00C04F79EFBC}") = "Knowte.Core", "Knowte.Core\Knowte.Core.csproj", "{FBE4A424-BA3B-46A6-9843-57F1A5F5050C}"
EndProject
Project("{FAE04EC0-301F-11D3-BF4B-00C04F79EFBC}") = "Knowte.Data", "Knowte.Data\Knowte.Data.csproj", "{43D60B4A-05D7-4828-A4ED-14A9C3C7C450}"
EndProject
Project("{FAE04EC0-301F-11D3-BF4B-00C04F79EFBC}") = "Knowte.Data.Contracts", "Knowte.Data.Contracts\Knowte.Data.Contracts.csproj", "{ACCD6C35-90D1-47C6-B18C-EDCACC6F0B6E}"
EndProject
Project("{FAE04EC0-301F-11D3-BF4B-00C04F79EFBC}") = "Knowte.Presentation", "Knowte.Presentation\Knowte.Presentation.csproj", "{C13A112D-9888-48A4-BAA6-3A55DE886D38}"
EndProject
Project("{FAE04EC0-301F-11D3-BF4B-00C04F79EFBC}") = "Knowte.Presentation.Contracts", "Knowte.Presentation.Contracts\Knowte.Presentation.Contracts.csproj", "{9E321BA3-2EFE-47AC-B09A-DFCDC949A1B6}"
EndProject
Project("{FAE04EC0-301F-11D3-BF4B-00C04F79EFBC}") = "Knowte.Services", "Knowte.Services\Knowte.Services.csproj", "{21D77129-617C-4EAE-B169-6744DF48CEBD}"
EndProject
Project("{FAE04EC0-301F-11D3-BF4B-00C04F79EFBC}") = "Knowte.Packager", "Knowte.Packager\Knowte.Packager.csproj", "{5EC0583E-9425-4995-B8BF-1FC104496F75}"
EndProject
Project("{FAE04EC0-301F-11D3-BF4B-00C04F79EFBC}") = "Knowte.Plugin.Contracts", "Knowte.Plugin.Contracts\Knowte.Plugin.Contracts.csproj", "{071B3645-618F-4733-8039-2AD08711B77B}"
EndProject
Global
	GlobalSection(SolutionConfigurationPlatforms) = preSolution
		Debug|Any CPU = Debug|Any CPU
		Release|Any CPU = Release|Any CPU
	EndGlobalSection
	GlobalSection(ProjectConfigurationPlatforms) = postSolution
		{6543FF51-3132-4C67-81F5-991460589B0B}.Debug|Any CPU.ActiveCfg = Debug|Any CPU
		{6543FF51-3132-4C67-81F5-991460589B0B}.Debug|Any CPU.Build.0 = Debug|Any CPU
		{6543FF51-3132-4C67-81F5-991460589B0B}.Release|Any CPU.ActiveCfg = Release|Any CPU
		{6543FF51-3132-4C67-81F5-991460589B0B}.Release|Any CPU.Build.0 = Release|Any CPU
		{FBE4A424-BA3B-46A6-9843-57F1A5F5050C}.Debug|Any CPU.ActiveCfg = Debug|Any CPU
		{FBE4A424-BA3B-46A6-9843-57F1A5F5050C}.Debug|Any CPU.Build.0 = Debug|Any CPU
		{FBE4A424-BA3B-46A6-9843-57F1A5F5050C}.Release|Any CPU.ActiveCfg = Release|Any CPU
		{FBE4A424-BA3B-46A6-9843-57F1A5F5050C}.Release|Any CPU.Build.0 = Release|Any CPU
		{43D60B4A-05D7-4828-A4ED-14A9C3C7C450}.Debug|Any CPU.ActiveCfg = Debug|Any CPU
		{43D60B4A-05D7-4828-A4ED-14A9C3C7C450}.Debug|Any CPU.Build.0 = Debug|Any CPU
		{43D60B4A-05D7-4828-A4ED-14A9C3C7C450}.Release|Any CPU.ActiveCfg = Release|Any CPU
		{43D60B4A-05D7-4828-A4ED-14A9C3C7C450}.Release|Any CPU.Build.0 = Release|Any CPU
		{ACCD6C35-90D1-47C6-B18C-EDCACC6F0B6E}.Debug|Any CPU.ActiveCfg = Debug|Any CPU
		{ACCD6C35-90D1-47C6-B18C-EDCACC6F0B6E}.Debug|Any CPU.Build.0 = Debug|Any CPU
		{ACCD6C35-90D1-47C6-B18C-EDCACC6F0B6E}.Release|Any CPU.ActiveCfg = Release|Any CPU
		{ACCD6C35-90D1-47C6-B18C-EDCACC6F0B6E}.Release|Any CPU.Build.0 = Release|Any CPU
		{C13A112D-9888-48A4-BAA6-3A55DE886D38}.Debug|Any CPU.ActiveCfg = Debug|Any CPU
		{C13A112D-9888-48A4-BAA6-3A55DE886D38}.Debug|Any CPU.Build.0 = Debug|Any CPU
		{C13A112D-9888-48A4-BAA6-3A55DE886D38}.Release|Any CPU.ActiveCfg = Release|Any CPU
		{C13A112D-9888-48A4-BAA6-3A55DE886D38}.Release|Any CPU.Build.0 = Release|Any CPU
		{9E321BA3-2EFE-47AC-B09A-DFCDC949A1B6}.Debug|Any CPU.ActiveCfg = Debug|Any CPU
		{9E321BA3-2EFE-47AC-B09A-DFCDC949A1B6}.Debug|Any CPU.Build.0 = Debug|Any CPU
		{9E321BA3-2EFE-47AC-B09A-DFCDC949A1B6}.Release|Any CPU.ActiveCfg = Release|Any CPU
		{9E321BA3-2EFE-47AC-B09A-DFCDC949A1B6}.Release|Any CPU.Build.0 = Release|Any CPU
		{21D77129-617C-4EAE-B169-6744DF48CEBD}.Debug|Any CPU.ActiveCfg = Debug|Any CPU
		{21D77129-617C-4EAE-B169-6744DF48CEBD}.Debug|Any CPU.Build.0 = Debug|Any CPU
		{21D77129-617C-4EAE-B169-6744DF48CEBD}.Release|Any CPU.ActiveCfg = Release|Any CPU
		{21D77129-617C-4EAE-B169-6744DF48CEBD}.Release|Any CPU.Build.0 = Release|Any CPU
		{5EC0583E-9425-4995-B8BF-1FC104496F75}.Debug|Any CPU.ActiveCfg = Debug|Any CPU
		{5EC0583E-9425-4995-B8BF-1FC104496F75}.Debug|Any CPU.Build.0 = Debug|Any CPU
		{5EC0583E-9425-4995-B8BF-1FC104496F75}.Release|Any CPU.ActiveCfg = Release|Any CPU
		{5EC0583E-9425-4995-B8BF-1FC104496F75}.Release|Any CPU.Build.0 = Release|Any CPU
		{071B3645-618F-4733-8039-2AD08711B77B}.Debug|Any CPU.ActiveCfg = Debug|Any CPU
		{071B3645-618F-4733-8039-2AD08711B77B}.Debug|Any CPU.Build.0 = Debug|Any CPU
		{071B3645-618F-4733-8039-2AD08711B77B}.Release|Any CPU.ActiveCfg = Release|Any CPU
		{071B3645-618F-4733-8039-2AD08711B77B}.Release|Any CPU.Build.0 = Release|Any CPU
	EndGlobalSection
	GlobalSection(SolutionProperties) = preSolution
		HideSolutionNode = FALSE
	EndGlobalSection
	GlobalSection(ExtensibilityGlobals) = postSolution
		SolutionGuid = {499780F5-A6FC-4938-9C7B-708E5B4471C7}
	EndGlobalSection
EndGlobal
